
Microsoft Visual Studio Solution File, Format Version 12.00
# Visual Studio Version 17
VisualStudioVersion = 17.2.32602.215
MinimumVisualStudioVersion = 10.0.40219.1
Project("{FAE04EC0-301F-11D3-BF4B-00C04F79EFBC}") = "EntregaEncomendas", "EntregaEncomendas.csproj", "{6CF6E16B-9DAC-4C55-9803-036D51D748E6}"
EndProject
Global
	GlobalSection(SolutionConfigurationPlatforms) = preSolution
		Debug|Any CPU = Debug|Any CPU
		Release|Any CPU = Release|Any CPU
	EndGlobalSection
	GlobalSection(ProjectConfigurationPlatforms) = postSolution
		{6CF6E16B-9DAC-4C55-9803-036D51D748E6}.Debug|Any CPU.ActiveCfg = Debug|Any CPU
		{6CF6E16B-9DAC-4C55-9803-036D51D748E6}.Debug|Any CPU.Build.0 = Debug|Any CPU
		{6CF6E16B-9DAC-4C55-9803-036D51D748E6}.Release|Any CPU.ActiveCfg = Release|Any CPU
		{6CF6E16B-9DAC-4C55-9803-036D51D748E6}.Release|Any CPU.Build.0 = Release|Any CPU
	EndGlobalSection
	GlobalSection(SolutionProperties) = preSolution
		HideSolutionNode = FALSE
	EndGlobalSection
	GlobalSection(ExtensibilityGlobals) = postSolution
		SolutionGuid = {A96811B9-5BF4-4036-878D-5D71DFEA9066}
	EndGlobalSection
EndGlobal
